
Microsoft Visual Studio Solution File, Format Version 12.00
# Visual Studio 2012
Project("{FAE04EC0-301F-11D3-BF4B-00C04F79EFBC}") = "h2myqueueIO", "h2myqueueIO\h2myqueueIO.csproj", "{9A6CC942-F31D-48FF-9553-3CC01D4BEB62}"
EndProject
Global
	GlobalSection(SolutionConfigurationPlatforms) = preSolution
		Debug|Any CPU = Debug|Any CPU
		Release|Any CPU = Release|Any CPU
	EndGlobalSection
	GlobalSection(ProjectConfigurationPlatforms) = postSolution
		{9A6CC942-F31D-48FF-9553-3CC01D4BEB62}.Debug|Any CPU.ActiveCfg = Debug|Any CPU
		{9A6CC942-F31D-48FF-9553-3CC01D4BEB62}.Debug|Any CPU.Build.0 = Debug|Any CPU
		{9A6CC942-F31D-48FF-9553-3CC01D4BEB62}.Release|Any CPU.ActiveCfg = Release|Any CPU
		{9A6CC942-F31D-48FF-9553-3CC01D4BEB62}.Release|Any CPU.Build.0 = Release|Any CPU
	EndGlobalSection
	GlobalSection(SolutionProperties) = preSolution
		HideSolutionNode = FALSE
	EndGlobalSection
EndGlobal
