
Microsoft Visual Studio Solution File, Format Version 12.00
# Visual Studio 2012
Project("{FAE04EC0-301F-11D3-BF4B-00C04F79EFBC}") = "h4BinaryTree", "h4BinaryTree\h4BinaryTree.csproj", "{34E16EB0-C021-4812-9BAB-FBB2616CFC9F}"
EndProject
Global
	GlobalSection(SolutionConfigurationPlatforms) = preSolution
		Debug|Any CPU = Debug|Any CPU
		Release|Any CPU = Release|Any CPU
	EndGlobalSection
	GlobalSection(ProjectConfigurationPlatforms) = postSolution
		{34E16EB0-C021-4812-9BAB-FBB2616CFC9F}.Debug|Any CPU.ActiveCfg = Debug|Any CPU
		{34E16EB0-C021-4812-9BAB-FBB2616CFC9F}.Debug|Any CPU.Build.0 = Debug|Any CPU
		{34E16EB0-C021-4812-9BAB-FBB2616CFC9F}.Release|Any CPU.ActiveCfg = Release|Any CPU
		{34E16EB0-C021-4812-9BAB-FBB2616CFC9F}.Release|Any CPU.Build.0 = Release|Any CPU
	EndGlobalSection
	GlobalSection(SolutionProperties) = preSolution
		HideSolutionNode = FALSE
	EndGlobalSection
EndGlobal
