
Microsoft Visual Studio Solution File, Format Version 12.00
# Visual Studio 2012
Project("{FAE04EC0-301F-11D3-BF4B-00C04F79EFBC}") = "h1mystack", "h1mystack\h1mystack.csproj", "{8D051C67-952C-436D-B201-A7B084B0BFF3}"
EndProject
Global
	GlobalSection(SolutionConfigurationPlatforms) = preSolution
		Debug|Any CPU = Debug|Any CPU
		Release|Any CPU = Release|Any CPU
	EndGlobalSection
	GlobalSection(ProjectConfigurationPlatforms) = postSolution
		{8D051C67-952C-436D-B201-A7B084B0BFF3}.Debug|Any CPU.ActiveCfg = Debug|Any CPU
		{8D051C67-952C-436D-B201-A7B084B0BFF3}.Debug|Any CPU.Build.0 = Debug|Any CPU
		{8D051C67-952C-436D-B201-A7B084B0BFF3}.Release|Any CPU.ActiveCfg = Release|Any CPU
		{8D051C67-952C-436D-B201-A7B084B0BFF3}.Release|Any CPU.Build.0 = Release|Any CPU
	EndGlobalSection
	GlobalSection(SolutionProperties) = preSolution
		HideSolutionNode = FALSE
	EndGlobalSection
EndGlobal
