
Microsoft Visual Studio Solution File, Format Version 12.00
# Visual Studio 2012
Project("{FAE04EC0-301F-11D3-BF4B-00C04F79EFBC}") = "h4BinaryTreeIO", "h4BinaryTreeIO\h4BinaryTreeIO.csproj", "{25D97B10-E7BD-4B8F-BB27-11C09AAD9FA4}"
EndProject
Global
	GlobalSection(SolutionConfigurationPlatforms) = preSolution
		Debug|Any CPU = Debug|Any CPU
		Release|Any CPU = Release|Any CPU
	EndGlobalSection
	GlobalSection(ProjectConfigurationPlatforms) = postSolution
		{25D97B10-E7BD-4B8F-BB27-11C09AAD9FA4}.Debug|Any CPU.ActiveCfg = Debug|Any CPU
		{25D97B10-E7BD-4B8F-BB27-11C09AAD9FA4}.Debug|Any CPU.Build.0 = Debug|Any CPU
		{25D97B10-E7BD-4B8F-BB27-11C09AAD9FA4}.Release|Any CPU.ActiveCfg = Release|Any CPU
		{25D97B10-E7BD-4B8F-BB27-11C09AAD9FA4}.Release|Any CPU.Build.0 = Release|Any CPU
	EndGlobalSection
	GlobalSection(SolutionProperties) = preSolution
		HideSolutionNode = FALSE
	EndGlobalSection
EndGlobal
